{
  "lockfile_version": 1,
  "os": "macOS Big Sur 10.16",
  "r_version": "R version 4.1.0 (2021-05-18)",
  "platform": "x86_64-apple-darwin17.0",
  "packages": [
    {
      "ref": "deps::.",
      "package": "slackteams-deps",
      "version": "0.4.3",
      "type": "deps",
      "direct": true,
      "binary": false,
      "dependencies": ["httr", "jsonlite", "data.table", "tibble", "yaml", "slackcalls"],
      "vignettes": false,
      "metadata": {
        "RemotePkgRef": "deps::.",
        "RemoteType": "deps"
      },
      "sources": [],
      "target": "src/contrib/slackteams-deps_0.4.3.tar.gz",
      "platform": "source",
      "rversion": "*",
      "directpkg": true,
      "license": "MIT + file LICENSE",
      "dep_types": ["Depends", "Imports", "LinkingTo"],
      "params": [],
      "install_args": ""
    },
    {
      "ref": "yonicd/slackcalls",
      "package": "slackcalls",
      "version": "0.0.6",
      "type": "github",
      "direct": false,
      "binary": false,
      "dependencies": ["httr"],
      "vignettes": false,
      "needscompilation": true,
      "metadata": {
        "RemoteType": "github",
        "RemoteHost": "api.github.com",
        "RemoteRepo": "slackcalls",
        "RemoteUsername": "yonicd",
        "RemotePkgRef": "yonicd/slackcalls",
        "RemoteRef": "HEAD",
        "RemoteSha": "97c7fc28d578b6c9641e036d9941efe8e5e96f98",
        "GithubRepo": "slackcalls",
        "GithubUsername": "yonicd",
        "GithubRef": "HEAD",
        "GithubSHA1": "97c7fc28d578b6c9641e036d9941efe8e5e96f98"
      },
      "sources": ["https://api.github.com/repos/yonicd/slackcalls/zipball/97c7fc28d578b6c9641e036d9941efe8e5e96f98"],
      "target": "src/contrib/slackcalls_0.0.6_97c7fc2.tar.gz",
      "platform": "source",
      "rversion": "*",
      "directpkg": false,
      "license": "MIT + file LICENSE",
      "dep_types": ["Depends", "Imports", "LinkingTo"],
      "params": [],
      "install_args": ""
    },
    {
      "ref": "R6",
      "package": "R6",
      "version": "2.5.1",
      "type": "standard",
      "direct": false,
      "binary": true,
      "dependencies": [],
      "vignettes": false,
      "needscompilation": false,
      "metadata": {
        "RemoteType": "standard",
        "RemotePkgRef": "R6",
        "RemoteRef": "R6",
        "RemoteRepos": "https://cran.rstudio.com/",
        "RemotePkgPlatform": "x86_64-apple-darwin17.0",
        "RemoteSha": "2.5.1"
      },
      "sources": ["https://cran.rstudio.com//bin/macosx/contrib/4.1/R6_2.5.1.tgz", "https://mac.r-project.org/bin/macosx/contrib/4.1/R6_2.5.1.tgz"],
      "target": "bin/macosx/contrib/4.1/R6_2.5.1.tgz",
      "platform": "x86_64-apple-darwin17.0",
      "rversion": "4.1",
      "built": "R 4.1.0; ; 2021-08-20 11:35:52 UTC; unix",
      "directpkg": false,
      "license": "MIT + file LICENSE",
      "sha256": "7244f47de06e35030a21ed0836fb15c46461bf255ce51381b3beea14b0237317",
      "filesize": 82529,
      "dep_types": ["Depends", "Imports", "LinkingTo"],
      "params": [],
      "install_args": "",
      "repotype": "cran"
    },
    {
      "ref": "askpass",
      "package": "askpass",
      "version": "1.1",
      "type": "standard",
      "direct": false,
      "binary": true,
      "dependencies": ["sys"],
      "vignettes": false,
      "needscompilation": false,
      "metadata": {
        "RemoteType": "standard",
        "RemotePkgRef": "askpass",
        "RemoteRef": "askpass",
        "RemoteRepos": "https://cran.rstudio.com/",
        "RemotePkgPlatform": "x86_64-apple-darwin17.0",
        "RemoteSha": "1.1"
      },
      "sources": ["https://cran.rstudio.com//bin/macosx/contrib/4.1/askpass_1.1.tgz", "https://mac.r-project.org/bin/macosx/contrib/4.1/askpass_1.1.tgz"],
      "target": "bin/macosx/contrib/4.1/askpass_1.1.tgz",
      "platform": "x86_64-apple-darwin17.0",
      "rversion": "4.1",
      "built": "R 4.1.0; x86_64-apple-darwin17.0; 2021-05-26 12:05:15 UTC; unix",
      "directpkg": false,
      "license": "MIT + file LICENSE",
      "sha256": "f724f7eb2388ac00895389534c92b4f6639449b21f7b9f0c3109c0e1e34f121d",
      "filesize": 21566,
      "dep_types": ["Depends", "Imports", "LinkingTo"],
      "params": [],
      "install_args": "",
      "repotype": "cran"
    },
    {
      "ref": "cli",
      "package": "cli",
      "version": "3.3.0",
      "type": "standard",
      "direct": false,
      "binary": true,
      "dependencies": ["glue"],
      "vignettes": false,
      "needscompilation": false,
      "metadata": {
        "RemoteType": "standard",
        "RemotePkgRef": "cli",
        "RemoteRef": "cli",
        "RemoteRepos": "https://cran.rstudio.com/",
        "RemotePkgPlatform": "x86_64-apple-darwin17.0",
        "RemoteSha": "3.3.0"
      },
      "sources": ["https://cran.rstudio.com//bin/macosx/contrib/4.1/cli_3.3.0.tgz", "https://mac.r-project.org/bin/macosx/contrib/4.1/cli_3.3.0.tgz"],
      "target": "bin/macosx/contrib/4.1/cli_3.3.0.tgz",
      "platform": "x86_64-apple-darwin17.0",
      "rversion": "4.1",
      "built": "R 4.1.2; x86_64-apple-darwin17.0; 2022-04-28 10:23:33 UTC; unix",
      "directpkg": false,
      "license": "MIT + file LICENSE",
      "sha256": "d1d64e8448517069b771f3f327e6d08ce1909c377569b9db6d0e7f5f261b568b",
      "filesize": 1158733,
      "dep_types": ["Depends", "Imports", "LinkingTo"],
      "params": [],
      "install_args": "",
      "repotype": "cran"
    },
    {
      "ref": "crayon",
      "package": "crayon",
      "version": "1.5.1",
      "type": "standard",
      "direct": false,
      "binary": true,
      "dependencies": [],
      "vignettes": false,
      "needscompilation": false,
      "metadata": {
        "RemoteType": "standard",
        "RemotePkgRef": "crayon",
        "RemoteRef": "crayon",
        "RemoteRepos": "https://cran.rstudio.com/",
        "RemotePkgPlatform": "x86_64-apple-darwin17.0",
        "RemoteSha": "1.5.1"
      },
      "sources": ["https://cran.rstudio.com//bin/macosx/contrib/4.1/crayon_1.5.1.tgz", "https://mac.r-project.org/bin/macosx/contrib/4.1/crayon_1.5.1.tgz"],
      "target": "bin/macosx/contrib/4.1/crayon_1.5.1.tgz",
      "platform": "x86_64-apple-darwin17.0",
      "rversion": "4.1",
      "built": "R 4.1.2; ; 2022-03-27 11:10:16 UTC; unix",
      "directpkg": false,
      "license": "MIT + file LICENSE",
      "sha256": "58b71372849632eb4953088b5e2231a846b2057f83b6a2632e294de36887f199",
      "filesize": 159011,
      "dep_types": ["Depends", "Imports", "LinkingTo"],
      "params": [],
      "install_args": "",
      "repotype": "cran"
    },
    {
      "ref": "curl",
      "package": "curl",
      "version": "4.3.2",
      "type": "standard",
      "direct": false,
      "binary": true,
      "dependencies": [],
      "vignettes": false,
      "needscompilation": false,
      "metadata": {
        "RemoteType": "standard",
        "RemotePkgRef": "curl",
        "RemoteRef": "curl",
        "RemoteRepos": "https://cran.rstudio.com/",
        "RemotePkgPlatform": "x86_64-apple-darwin17.0",
        "RemoteSha": "4.3.2"
      },
      "sources": ["https://cran.rstudio.com//bin/macosx/contrib/4.1/curl_4.3.2.tgz", "https://mac.r-project.org/bin/macosx/contrib/4.1/curl_4.3.2.tgz"],
      "target": "bin/macosx/contrib/4.1/curl_4.3.2.tgz",
      "platform": "x86_64-apple-darwin17.0",
      "rversion": "4.1",
      "built": "R 4.1.0; x86_64-apple-darwin17.0; 2021-07-12 07:04:16 UTC; unix",
      "directpkg": false,
      "license": "MIT + file LICENSE",
      "sha256": "2aed012ebf5aa1b6d804fb655686a1323fe81c9f4adecf56a5e1bf8061e994ce",
      "filesize": 862270,
      "dep_types": ["Depends", "Imports", "LinkingTo"],
      "params": [],
      "install_args": "",
      "repotype": "cran"
    },
    {
      "ref": "data.table",
      "package": "data.table",
      "version": "1.14.2",
      "type": "standard",
      "direct": false,
      "binary": true,
      "dependencies": [],
      "vignettes": false,
      "needscompilation": false,
      "metadata": {
        "RemoteType": "standard",
        "RemotePkgRef": "data.table",
        "RemoteRef": "data.table",
        "RemoteRepos": "https://cran.rstudio.com/",
        "RemotePkgPlatform": "x86_64-apple-darwin17.0",
        "RemoteSha": "1.14.2"
      },
      "sources": ["https://cran.rstudio.com//bin/macosx/contrib/4.1/data.table_1.14.2.tgz", "https://mac.r-project.org/bin/macosx/contrib/4.1/data.table_1.14.2.tgz"],
      "target": "bin/macosx/contrib/4.1/data.table_1.14.2.tgz",
      "platform": "x86_64-apple-darwin17.0",
      "rversion": "4.1",
      "built": "R 4.1.0; x86_64-apple-darwin17.0; 2021-09-28 11:55:42 UTC; unix",
      "directpkg": false,
      "license": "MPL-2.0 | file LICENSE",
      "sha256": "d95d1e468cb4805ab4d36067a9cdaa0d10e3f35398783955bc385033263dbc68",
      "filesize": 2336276,
      "dep_types": ["Depends", "Imports", "LinkingTo"],
      "params": [],
      "install_args": "",
      "repotype": "cran"
    },
    {
      "ref": "ellipsis",
      "package": "ellipsis",
      "version": "0.3.2",
      "type": "standard",
      "direct": false,
      "binary": true,
      "dependencies": ["rlang"],
      "vignettes": false,
      "needscompilation": false,
      "metadata": {
        "RemoteType": "standard",
        "RemotePkgRef": "ellipsis",
        "RemoteRef": "ellipsis",
        "RemoteRepos": "https://cran.rstudio.com/",
        "RemotePkgPlatform": "x86_64-apple-darwin17.0",
        "RemoteSha": "0.3.2"
      },
      "sources": ["https://cran.rstudio.com//bin/macosx/contrib/4.1/ellipsis_0.3.2.tgz", "https://mac.r-project.org/bin/macosx/contrib/4.1/ellipsis_0.3.2.tgz"],
      "target": "bin/macosx/contrib/4.1/ellipsis_0.3.2.tgz",
      "platform": "x86_64-apple-darwin17.0",
      "rversion": "4.1",
      "built": "R 4.1.0; x86_64-apple-darwin17.0; 2021-05-26 12:03:25 UTC; unix",
      "directpkg": false,
      "license": "MIT + file LICENSE",
      "sha256": "143b110b3181aec6266b393770b8dfe804e8047da782152c79e906b49307776c",
      "filesize": 36499,
      "dep_types": ["Depends", "Imports", "LinkingTo"],
      "params": [],
      "install_args": "",
      "repotype": "cran"
    },
    {
      "ref": "fansi",
      "package": "fansi",
      "version": "1.0.3",
      "type": "standard",
      "direct": false,
      "binary": true,
      "dependencies": [],
      "vignettes": false,
      "needscompilation": false,
      "metadata": {
        "RemoteType": "standard",
        "RemotePkgRef": "fansi",
        "RemoteRef": "fansi",
        "RemoteRepos": "https://cran.rstudio.com/",
        "RemotePkgPlatform": "x86_64-apple-darwin17.0",
        "RemoteSha": "1.0.3"
      },
      "sources": ["https://cran.rstudio.com//bin/macosx/contrib/4.1/fansi_1.0.3.tgz", "https://mac.r-project.org/bin/macosx/contrib/4.1/fansi_1.0.3.tgz"],
      "target": "bin/macosx/contrib/4.1/fansi_1.0.3.tgz",
      "platform": "x86_64-apple-darwin17.0",
      "rversion": "4.1",
      "built": "R 4.1.2; x86_64-apple-darwin17.0; 2022-03-25 11:28:28 UTC; unix",
      "directpkg": false,
      "license": "GPL-2 | GPL-3",
      "sha256": "c21ee18a227facfce4eefcb95039f859ef557e4e958a0962f3c403bbadbf25c7",
      "filesize": 363790,
      "dep_types": ["Depends", "Imports", "LinkingTo"],
      "params": [],
      "install_args": "",
      "repotype": "cran"
    },
    {
      "ref": "glue",
      "package": "glue",
      "version": "1.6.2",
      "type": "standard",
      "direct": false,
      "binary": true,
      "dependencies": [],
      "vignettes": false,
      "needscompilation": false,
      "metadata": {
        "RemoteType": "standard",
        "RemotePkgRef": "glue",
        "RemoteRef": "glue",
        "RemoteRepos": "https://cran.rstudio.com/",
        "RemotePkgPlatform": "x86_64-apple-darwin17.0",
        "RemoteSha": "1.6.2"
      },
      "sources": ["https://cran.rstudio.com//bin/macosx/contrib/4.1/glue_1.6.2.tgz", "https://mac.r-project.org/bin/macosx/contrib/4.1/glue_1.6.2.tgz"],
      "target": "bin/macosx/contrib/4.1/glue_1.6.2.tgz",
      "platform": "x86_64-apple-darwin17.0",
      "rversion": "4.1",
      "built": "R 4.1.2; x86_64-apple-darwin17.0; 2022-02-25 12:27:05 UTC; unix",
      "directpkg": false,
      "license": "MIT + file LICENSE",
      "sha256": "162d6521d65a0452fce5eb995b9a94b9c82798c8f0eb1c017132c12542708d7a",
      "filesize": 151977,
      "dep_types": ["Depends", "Imports", "LinkingTo"],
      "params": [],
      "install_args": "",
      "repotype": "cran"
    },
    {
      "ref": "httr",
      "package": "httr",
      "version": "1.4.3",
      "type": "standard",
      "direct": false,
      "binary": true,
      "dependencies": ["curl", "jsonlite", "mime", "openssl", "R6"],
      "vignettes": false,
      "needscompilation": false,
      "metadata": {
        "RemoteType": "standard",
        "RemotePkgRef": "httr",
        "RemoteRef": "httr",
        "RemoteRepos": "https://cran.rstudio.com/",
        "RemotePkgPlatform": "x86_64-apple-darwin17.0",
        "RemoteSha": "1.4.3"
      },
      "sources": ["https://cran.rstudio.com//bin/macosx/contrib/4.1/httr_1.4.3.tgz", "https://mac.r-project.org/bin/macosx/contrib/4.1/httr_1.4.3.tgz"],
      "target": "bin/macosx/contrib/4.1/httr_1.4.3.tgz",
      "platform": "x86_64-apple-darwin17.0",
      "rversion": "4.1",
      "built": "R 4.1.2; ; 2022-05-04 10:53:09 UTC; unix",
      "directpkg": false,
      "license": "MIT + file LICENSE",
      "sha256": "570785817e1500ec6b1fedf4160c6e753e8834f4935c832b3428aa94bfbe3802",
      "filesize": 504411,
      "dep_types": ["Depends", "Imports", "LinkingTo"],
      "params": [],
      "install_args": "",
      "repotype": "cran"
    },
    {
      "ref": "jsonlite",
      "package": "jsonlite",
      "version": "1.8.0",
      "type": "standard",
      "direct": false,
      "binary": true,
      "dependencies": [],
      "vignettes": false,
      "needscompilation": false,
      "metadata": {
        "RemoteType": "standard",
        "RemotePkgRef": "jsonlite",
        "RemoteRef": "jsonlite",
        "RemoteRepos": "https://cran.rstudio.com/",
        "RemotePkgPlatform": "x86_64-apple-darwin17.0",
        "RemoteSha": "1.8.0"
      },
      "sources": ["https://cran.rstudio.com//bin/macosx/contrib/4.1/jsonlite_1.8.0.tgz", "https://mac.r-project.org/bin/macosx/contrib/4.1/jsonlite_1.8.0.tgz"],
      "target": "bin/macosx/contrib/4.1/jsonlite_1.8.0.tgz",
      "platform": "x86_64-apple-darwin17.0",
      "rversion": "4.1",
      "built": "R 4.1.2; x86_64-apple-darwin17.0; 2022-02-23 12:32:20 UTC; unix",
      "directpkg": false,
      "license": "MIT + file LICENSE",
      "sha256": "26b9387277396f926d68f8dd52388d287328512bf57f8a5e34aaf2d9d8fb1ff9",
      "filesize": 1106495,
      "dep_types": ["Depends", "Imports", "LinkingTo"],
      "params": [],
      "install_args": "",
      "repotype": "cran"
    },
    {
      "ref": "lifecycle",
      "package": "lifecycle",
      "version": "1.0.1",
      "type": "standard",
      "direct": false,
      "binary": true,
      "dependencies": ["glue", "rlang"],
      "vignettes": false,
      "needscompilation": false,
      "metadata": {
        "RemoteType": "standard",
        "RemotePkgRef": "lifecycle",
        "RemoteRef": "lifecycle",
        "RemoteRepos": "https://cran.rstudio.com/",
        "RemotePkgPlatform": "x86_64-apple-darwin17.0",
        "RemoteSha": "1.0.1"
      },
      "sources": ["https://cran.rstudio.com//bin/macosx/contrib/4.1/lifecycle_1.0.1.tgz", "https://mac.r-project.org/bin/macosx/contrib/4.1/lifecycle_1.0.1.tgz"],
      "target": "bin/macosx/contrib/4.1/lifecycle_1.0.1.tgz",
      "platform": "x86_64-apple-darwin17.0",
      "rversion": "4.1",
      "built": "R 4.1.0; ; 2021-09-25 11:38:28 UTC; unix",
      "directpkg": false,
      "license": "MIT + file LICENSE",
      "sha256": "26c71d5695bd275efe8674db73cdc4c32ed8c00955a085825a4363d1146acfa3",
      "filesize": 105712,
      "dep_types": ["Depends", "Imports", "LinkingTo"],
      "params": [],
      "install_args": "",
      "repotype": "cran"
    },
    {
      "ref": "magrittr",
      "package": "magrittr",
      "version": "2.0.3",
      "type": "standard",
      "direct": false,
      "binary": true,
      "dependencies": [],
      "vignettes": false,
      "needscompilation": false,
      "metadata": {
        "RemoteType": "standard",
        "RemotePkgRef": "magrittr",
        "RemoteRef": "magrittr",
        "RemoteRepos": "https://cran.rstudio.com/",
        "RemotePkgPlatform": "x86_64-apple-darwin17.0",
        "RemoteSha": "2.0.3"
      },
      "sources": ["https://cran.rstudio.com//bin/macosx/contrib/4.1/magrittr_2.0.3.tgz", "https://mac.r-project.org/bin/macosx/contrib/4.1/magrittr_2.0.3.tgz"],
      "target": "bin/macosx/contrib/4.1/magrittr_2.0.3.tgz",
      "platform": "x86_64-apple-darwin17.0",
      "rversion": "4.1",
      "built": "R 4.1.2; x86_64-apple-darwin17.0; 2022-03-31 11:35:48 UTC; unix",
      "directpkg": false,
      "license": "MIT + file LICENSE",
      "sha256": "f9835d17ae7476d9034f3413bf7c4449c2a361e55bd133e2a59ebff876667d17",
      "filesize": 227497,
      "dep_types": ["Depends", "Imports", "LinkingTo"],
      "params": [],
      "install_args": "",
      "repotype": "cran"
    },
    {
      "ref": "mime",
      "package": "mime",
      "version": "0.12",
      "type": "standard",
      "direct": false,
      "binary": true,
      "dependencies": [],
      "vignettes": false,
      "needscompilation": false,
      "metadata": {
        "RemoteType": "standard",
        "RemotePkgRef": "mime",
        "RemoteRef": "mime",
        "RemoteRepos": "https://cran.rstudio.com/",
        "RemotePkgPlatform": "x86_64-apple-darwin17.0",
        "RemoteSha": "0.12"
      },
      "sources": ["https://cran.rstudio.com//bin/macosx/contrib/4.1/mime_0.12.tgz", "https://mac.r-project.org/bin/macosx/contrib/4.1/mime_0.12.tgz"],
      "target": "bin/macosx/contrib/4.1/mime_0.12.tgz",
      "platform": "x86_64-apple-darwin17.0",
      "rversion": "4.1",
      "built": "R 4.1.0; x86_64-apple-darwin17.0; 2021-09-28 11:53:05 UTC; unix",
      "directpkg": false,
      "license": "GPL",
      "sha256": "16cef814356f396d13f6d554e5e0614f0ca33af8b15c2896004e25e1bb14dc04",
      "filesize": 34812,
      "dep_types": ["Depends", "Imports", "LinkingTo"],
      "params": [],
      "install_args": "",
      "repotype": "cran"
    },
    {
      "ref": "openssl",
      "package": "openssl",
      "version": "2.0.1",
      "type": "standard",
      "direct": false,
      "binary": true,
      "dependencies": ["askpass"],
      "vignettes": false,
      "needscompilation": false,
      "metadata": {
        "RemoteType": "standard",
        "RemotePkgRef": "openssl",
        "RemoteRef": "openssl",
        "RemoteRepos": "https://cran.rstudio.com/",
        "RemotePkgPlatform": "x86_64-apple-darwin17.0",
        "RemoteSha": "2.0.1"
      },
      "sources": ["https://cran.rstudio.com//bin/macosx/contrib/4.1/openssl_2.0.1.tgz", "https://mac.r-project.org/bin/macosx/contrib/4.1/openssl_2.0.1.tgz"],
      "target": "bin/macosx/contrib/4.1/openssl_2.0.1.tgz",
      "platform": "x86_64-apple-darwin17.0",
      "rversion": "4.1",
      "built": "R 4.1.2; x86_64-apple-darwin17.0; 2022-05-15 10:38:02 UTC; unix",
      "directpkg": false,
      "license": "MIT + file LICENSE",
      "sha256": "942ed3696f1b0740240955d20b41cbcc7fba30093fbf6292b0ccf2bf55455258",
      "filesize": 2875582,
      "dep_types": ["Depends", "Imports", "LinkingTo"],
      "params": [],
      "install_args": "",
      "repotype": "cran"
    },
    {
      "ref": "pillar",
      "package": "pillar",
      "version": "1.7.0",
      "type": "standard",
      "direct": false,
      "binary": true,
      "dependencies": ["cli", "crayon", "ellipsis", "fansi", "glue", "lifecycle", "rlang", "utf8", "vctrs"],
      "vignettes": false,
      "needscompilation": false,
      "metadata": {
        "RemoteType": "standard",
        "RemotePkgRef": "pillar",
        "RemoteRef": "pillar",
        "RemoteRepos": "https://cran.rstudio.com/",
        "RemotePkgPlatform": "x86_64-apple-darwin17.0",
        "RemoteSha": "1.7.0"
      },
      "sources": ["https://cran.rstudio.com//bin/macosx/contrib/4.1/pillar_1.7.0.tgz", "https://mac.r-project.org/bin/macosx/contrib/4.1/pillar_1.7.0.tgz"],
      "target": "bin/macosx/contrib/4.1/pillar_1.7.0.tgz",
      "platform": "x86_64-apple-darwin17.0",
      "rversion": "4.1",
      "built": "R 4.1.2; ; 2022-02-02 12:36:02 UTC; unix",
      "directpkg": false,
      "license": "MIT + file LICENSE",
      "sha256": "67d5af6fa7e7e28fae4676404b7e2032c888e4f80bce618481b6ff52c21c8ebc",
      "filesize": 742246,
      "dep_types": ["Depends", "Imports", "LinkingTo"],
      "params": [],
      "install_args": "",
      "repotype": "cran"
    },
    {
      "ref": "pkgconfig",
      "package": "pkgconfig",
      "version": "2.0.3",
      "type": "standard",
      "direct": false,
      "binary": true,
      "dependencies": [],
      "vignettes": false,
      "needscompilation": false,
      "metadata": {
        "RemoteType": "standard",
        "RemotePkgRef": "pkgconfig",
        "RemoteRef": "pkgconfig",
        "RemoteRepos": "https://cran.rstudio.com/",
        "RemotePkgPlatform": "x86_64-apple-darwin17.0",
        "RemoteSha": "2.0.3"
      },
      "sources": ["https://cran.rstudio.com//bin/macosx/contrib/4.1/pkgconfig_2.0.3.tgz", "https://mac.r-project.org/bin/macosx/contrib/4.1/pkgconfig_2.0.3.tgz"],
      "target": "bin/macosx/contrib/4.1/pkgconfig_2.0.3.tgz",
      "platform": "x86_64-apple-darwin17.0",
      "rversion": "4.1",
      "built": "R 4.1.0; ; 2021-07-12 06:30:33 UTC; unix",
      "directpkg": false,
      "license": "MIT + file LICENSE",
      "sha256": "1886ec9c44f81cd879560b3fd578c4f858141ff2f8e8a6070bea47c2bc1aede4",
      "filesize": 17777,
      "dep_types": ["Depends", "Imports", "LinkingTo"],
      "params": [],
      "install_args": "",
      "repotype": "cran"
    },
    {
      "ref": "rlang",
      "package": "rlang",
      "version": "1.0.2",
      "type": "standard",
      "direct": false,
      "binary": true,
      "dependencies": [],
      "vignettes": false,
      "needscompilation": false,
      "metadata": {
        "RemoteType": "standard",
        "RemotePkgRef": "rlang",
        "RemoteRef": "rlang",
        "RemoteRepos": "https://cran.rstudio.com/",
        "RemotePkgPlatform": "x86_64-apple-darwin17.0",
        "RemoteSha": "1.0.2"
      },
      "sources": ["https://cran.rstudio.com//bin/macosx/contrib/4.1/rlang_1.0.2.tgz", "https://mac.r-project.org/bin/macosx/contrib/4.1/rlang_1.0.2.tgz"],
      "target": "bin/macosx/contrib/4.1/rlang_1.0.2.tgz",
      "platform": "x86_64-apple-darwin17.0",
      "rversion": "4.1",
      "built": "R 4.1.2; x86_64-apple-darwin17.0; 2022-03-05 12:40:48 UTC; unix",
      "directpkg": false,
      "license": "MIT + file LICENSE",
      "sha256": "d90c9584ee20931273bf47aa911cb51c9b5f5e578b61794c93ea0e74f0228a13",
      "filesize": 1776918,
      "dep_types": ["Depends", "Imports", "LinkingTo"],
      "params": [],
      "install_args": "",
      "repotype": "cran"
    },
    {
      "ref": "sys",
      "package": "sys",
      "version": "3.4",
      "type": "standard",
      "direct": false,
      "binary": true,
      "dependencies": [],
      "vignettes": false,
      "needscompilation": false,
      "metadata": {
        "RemoteType": "standard",
        "RemotePkgRef": "sys",
        "RemoteRef": "sys",
        "RemoteRepos": "https://cran.rstudio.com/",
        "RemotePkgPlatform": "x86_64-apple-darwin17.0",
        "RemoteSha": "3.4"
      },
      "sources": ["https://cran.rstudio.com//bin/macosx/contrib/4.1/sys_3.4.tgz", "https://mac.r-project.org/bin/macosx/contrib/4.1/sys_3.4.tgz"],
      "target": "bin/macosx/contrib/4.1/sys_3.4.tgz",
      "platform": "x86_64-apple-darwin17.0",
      "rversion": "4.1",
      "built": "R 4.1.0; x86_64-apple-darwin17.0; 2021-07-12 06:59:53 UTC; unix",
      "directpkg": false,
      "license": "MIT + file LICENSE",
      "sha256": "6474a97353cf4deb89353af95967d67873efeba30751bdb3b30d241a1d042dcc",
      "filesize": 47336,
      "dep_types": ["Depends", "Imports", "LinkingTo"],
      "params": [],
      "install_args": "",
      "repotype": "cran"
    },
    {
      "ref": "tibble",
      "package": "tibble",
      "version": "3.1.7",
      "type": "standard",
      "direct": false,
      "binary": true,
      "dependencies": ["ellipsis", "fansi", "lifecycle", "magrittr", "pillar", "pkgconfig", "rlang", "vctrs"],
      "vignettes": false,
      "needscompilation": false,
      "metadata": {
        "RemoteType": "standard",
        "RemotePkgRef": "tibble",
        "RemoteRef": "tibble",
        "RemoteRepos": "https://cran.rstudio.com/",
        "RemotePkgPlatform": "x86_64-apple-darwin17.0",
        "RemoteSha": "3.1.7"
      },
      "sources": ["https://cran.rstudio.com//bin/macosx/contrib/4.1/tibble_3.1.7.tgz", "https://mac.r-project.org/bin/macosx/contrib/4.1/tibble_3.1.7.tgz"],
      "target": "bin/macosx/contrib/4.1/tibble_3.1.7.tgz",
      "platform": "x86_64-apple-darwin17.0",
      "rversion": "4.1",
      "built": "R 4.1.2; x86_64-apple-darwin17.0; 2022-05-04 10:52:09 UTC; unix",
      "directpkg": false,
      "license": "MIT + file LICENSE",
      "sha256": "b12da0a62648a42314507fc31749efb5524c0a33297ef551384bb78ba0a5694f",
      "filesize": 719197,
      "dep_types": ["Depends", "Imports", "LinkingTo"],
      "params": [],
      "install_args": "",
      "repotype": "cran"
    },
    {
      "ref": "utf8",
      "package": "utf8",
      "version": "1.2.2",
      "type": "standard",
      "direct": false,
      "binary": true,
      "dependencies": [],
      "vignettes": false,
      "needscompilation": false,
      "metadata": {
        "RemoteType": "standard",
        "RemotePkgRef": "utf8",
        "RemoteRef": "utf8",
        "RemoteRepos": "https://cran.rstudio.com/",
        "RemotePkgPlatform": "x86_64-apple-darwin17.0",
        "RemoteSha": "1.2.2"
      },
      "sources": ["https://cran.rstudio.com//bin/macosx/contrib/4.1/utf8_1.2.2.tgz", "https://mac.r-project.org/bin/macosx/contrib/4.1/utf8_1.2.2.tgz"],
      "target": "bin/macosx/contrib/4.1/utf8_1.2.2.tgz",
      "platform": "x86_64-apple-darwin17.0",
      "rversion": "4.1",
      "built": "R 4.1.0; x86_64-apple-darwin17.0; 2021-07-25 11:11:45 UTC; unix",
      "directpkg": false,
      "license": "Apache License (== 2.0) | file LICENSE",
      "sha256": "a667d382cd8e697cfd7cae0481ea0cb57b9067a440665d56bce031c81f507fb4",
      "filesize": 196736,
      "dep_types": ["Depends", "Imports", "LinkingTo"],
      "params": [],
      "install_args": "",
      "repotype": "cran"
    },
    {
      "ref": "vctrs",
      "package": "vctrs",
      "version": "0.4.1",
      "type": "standard",
      "direct": false,
      "binary": true,
      "dependencies": ["cli", "glue", "rlang"],
      "vignettes": false,
      "needscompilation": false,
      "metadata": {
        "RemoteType": "standard",
        "RemotePkgRef": "vctrs",
        "RemoteRef": "vctrs",
        "RemoteRepos": "https://cran.rstudio.com/",
        "RemotePkgPlatform": "x86_64-apple-darwin17.0",
        "RemoteSha": "0.4.1"
      },
      "sources": ["https://cran.rstudio.com//bin/macosx/contrib/4.1/vctrs_0.4.1.tgz", "https://mac.r-project.org/bin/macosx/contrib/4.1/vctrs_0.4.1.tgz"],
      "target": "bin/macosx/contrib/4.1/vctrs_0.4.1.tgz",
      "platform": "x86_64-apple-darwin17.0",
      "rversion": "4.1",
      "built": "R 4.1.2; x86_64-apple-darwin17.0; 2022-04-15 10:47:14 UTC; unix",
      "directpkg": false,
      "license": "MIT + file LICENSE",
      "sha256": "9feed5c818547636fe0952f6cf5f5b1efea0bf730fc5498c525c7e5ed7bd3d59",
      "filesize": 1726917,
      "dep_types": ["Depends", "Imports", "LinkingTo"],
      "params": [],
      "install_args": "",
      "repotype": "cran"
    },
    {
      "ref": "yaml",
      "package": "yaml",
      "version": "2.3.5",
      "type": "standard",
      "direct": false,
      "binary": true,
      "dependencies": [],
      "vignettes": false,
      "needscompilation": false,
      "metadata": {
        "RemoteType": "standard",
        "RemotePkgRef": "yaml",
        "RemoteRef": "yaml",
        "RemoteRepos": "https://cran.rstudio.com/",
        "RemotePkgPlatform": "x86_64-apple-darwin17.0",
        "RemoteSha": "2.3.5"
      },
      "sources": ["https://cran.rstudio.com//bin/macosx/contrib/4.1/yaml_2.3.5.tgz", "https://mac.r-project.org/bin/macosx/contrib/4.1/yaml_2.3.5.tgz"],
      "target": "bin/macosx/contrib/4.1/yaml_2.3.5.tgz",
      "platform": "x86_64-apple-darwin17.0",
      "rversion": "4.1",
      "built": "R 4.1.2; x86_64-apple-darwin17.0; 2022-02-22 12:37:52 UTC; unix",
      "directpkg": false,
      "license": "BSD_3_clause + file LICENSE",
      "sha256": "b9e719ae3150053532a9bdeec89bdc378b7f35c5aa8e12ef46ab7e827962115e",
      "filesize": 205004,
      "dep_types": ["Depends", "Imports", "LinkingTo"],
      "params": [],
      "install_args": "",
      "repotype": "cran"
    }
  ]
}
